
Microsoft Visual Studio Solution File, Format Version 12.00
# Visual Studio Version 17
VisualStudioVersion = 17.10.35122.118
MinimumVisualStudioVersion = 10.0.40219.1
Project("{8BC9CEB8-8B4A-11D0-8D11-00A0C91BC942}") = "PixelAdventure", "PixelAdventure\PixelAdventure.vcxproj", "{96506A83-3ACE-4060-AC77-C5579CA11588}"
EndProject
Global
	GlobalSection(SolutionConfigurationPlatforms) = preSolution
		Debug|x64 = Debug|x64
		Release|x64 = Release|x64
	EndGlobalSection
	GlobalSection(ProjectConfigurationPlatforms) = postSolution
		{96506A83-3ACE-4060-AC77-C5579CA11588}.Debug|x64.ActiveCfg = Debug|x64
		{96506A83-3ACE-4060-AC77-C5579CA11588}.Debug|x64.Build.0 = Debug|x64
		{96506A83-3ACE-4060-AC77-C5579CA11588}.Release|x64.ActiveCfg = Release|x64
		{96506A83-3ACE-4060-AC77-C5579CA11588}.Release|x64.Build.0 = Release|x64
	EndGlobalSection
	GlobalSection(SolutionProperties) = preSolution
		HideSolutionNode = FALSE
	EndGlobalSection
	GlobalSection(ExtensibilityGlobals) = postSolution
		SolutionGuid = {B0A75F5B-02E5-42FB-A08B-D48DA7106CEE}
	EndGlobalSection
EndGlobal
